// !$*UTF8*$!
{
	archiveVersion = 1;
	classes = {
	};
	objectVersion = 46;
	objects = {

/* Begin PBXBuildFile section */
		AC4820A71F05DC8000CD7C0B /* PokemonDetailVC.swift in Sources */ = {isa = PBXBuildFile; fileRef = AC4820A61F05DC8000CD7C0B /* PokemonDetailVC.swift */; };
		AC4D43F21F048B6D00F7BF76 /* pokemon.ttf in Resources */ = {isa = PBXBuildFile; fileRef = AC4D43F11F048B6D00F7BF76 /* pokemon.ttf */; };
		AC4D43F71F048D0F00F7BF76 /* music.png in Resources */ = {isa = PBXBuildFile; fileRef = AC4D43F61F048D0F00F7BF76 /* music.png */; };
		AC4D43F91F048D1800F7BF76 /* music.mp3 in Resources */ = {isa = PBXBuildFile; fileRef = AC4D43F81F048D1800F7BF76 /* music.mp3 */; };
		AC73854C1EFCA4C3009990BD /* AppDelegate.swift in Sources */ = {isa = PBXBuildFile; fileRef = AC73854B1EFCA4C3009990BD /* AppDelegate.swift */; };
		AC73854E1EFCA4C3009990BD /* ViewController.swift in Sources */ = {isa = PBXBuildFile; fileRef = AC73854D1EFCA4C3009990BD /* ViewController.swift */; };
		AC7385511EFCA4C3009990BD /* Main.storyboard in Resources */ = {isa = PBXBuildFile; fileRef = AC73854F1EFCA4C3009990BD /* Main.storyboard */; };
		AC7385531EFCA4C3009990BD /* Assets.xcassets in Resources */ = {isa = PBXBuildFile; fileRef = AC7385521EFCA4C3009990BD /* Assets.xcassets */; };
		AC7385561EFCA4C3009990BD /* LaunchScreen.storyboard in Resources */ = {isa = PBXBuildFile; fileRef = AC7385541EFCA4C3009990BD /* LaunchScreen.storyboard */; };
		AC73855E1EFCA6FC009990BD /* pokemon.csv in Resources */ = {isa = PBXBuildFile; fileRef = AC73855D1EFCA6FC009990BD /* pokemon.csv */; };
		ACA1512A1F01E17800D3F310 /* Pokemon.swift in Sources */ = {isa = PBXBuildFile; fileRef = ACA151291F01E17800D3F310 /* Pokemon.swift */; };
		ACA1512D1F01E8A900D3F310 /* PokeCell.swift in Sources */ = {isa = PBXBuildFile; fileRef = ACA1512C1F01E8A900D3F310 /* PokeCell.swift */; };
		ACE8067E1F033C45009E9233 /* csv.swift in Sources */ = {isa = PBXBuildFile; fileRef = ACE8067D1F033C45009E9233 /* csv.swift */; };
/* End PBXBuildFile section */

/* Begin PBXFileReference section */
		AC4820A61F05DC8000CD7C0B /* PokemonDetailVC.swift */ = {isa = PBXFileReference; fileEncoding = 4; lastKnownFileType = sourcecode.swift; path = PokemonDetailVC.swift; sourceTree = "<group>"; };
		AC4D43F11F048B6D00F7BF76 /* pokemon.ttf */ = {isa = PBXFileReference; lastKnownFileType = file; path = pokemon.ttf; sourceTree = "<group>"; };
		AC4D43F61F048D0F00F7BF76 /* music.png */ = {isa = PBXFileReference; lastKnownFileType = image.png; path = music.png; sourceTree = "<group>"; };
		AC4D43F81F048D1800F7BF76 /* music.mp3 */ = {isa = PBXFileReference; lastKnownFileType = audio.mp3; path = music.mp3; sourceTree = "<group>"; };
		AC7385481EFCA4C3009990BD /* pokedex.app */ = {isa = PBXFileReference; explicitFileType = wrapper.application; includeInIndex = 0; path = pokedex.app; sourceTree = BUILT_PRODUCTS_DIR; };
		AC73854B1EFCA4C3009990BD /* AppDelegate.swift */ = {isa = PBXFileReference; lastKnownFileType = sourcecode.swift; path = AppDelegate.swift; sourceTree = "<group>"; };
		AC73854D1EFCA4C3009990BD /* ViewController.swift */ = {isa = PBXFileReference; lastKnownFileType = sourcecode.swift; path = ViewController.swift; sourceTree = "<group>"; };
		AC7385501EFCA4C3009990BD /* Base */ = {isa = PBXFileReference; lastKnownFileType = file.storyboard; name = Base; path = Base.lproj/Main.storyboard; sourceTree = "<group>"; };
		AC7385521EFCA4C3009990BD /* Assets.xcassets */ = {isa = PBXFileReference; lastKnownFileType = folder.assetcatalog; path = Assets.xcassets; sourceTree = "<group>"; };
		AC7385551EFCA4C3009990BD /* Base */ = {isa = PBXFileReference; lastKnownFileType = file.storyboard; name = Base; path = Base.lproj/LaunchScreen.storyboard; sourceTree = "<group>"; };
		AC7385571EFCA4C3009990BD /* Info.plist */ = {isa = PBXFileReference; lastKnownFileType = text.plist.xml; path = Info.plist; sourceTree = "<group>"; };
		AC73855D1EFCA6FC009990BD /* pokemon.csv */ = {isa = PBXFileReference; fileEncoding = 4; lastKnownFileType = text; path = pokemon.csv; sourceTree = "<group>"; };
		ACA151291F01E17800D3F310 /* Pokemon.swift */ = {isa = PBXFileReference; fileEncoding = 4; lastKnownFileType = sourcecode.swift; path = Pokemon.swift; sourceTree = "<group>"; };
		ACA1512C1F01E8A900D3F310 /* PokeCell.swift */ = {isa = PBXFileReference; fileEncoding = 4; lastKnownFileType = sourcecode.swift; path = PokeCell.swift; sourceTree = "<group>"; };
		ACE8067D1F033C45009E9233 /* csv.swift */ = {isa = PBXFileReference; fileEncoding = 4; lastKnownFileType = sourcecode.swift; path = csv.swift; sourceTree = "<group>"; };
/* End PBXFileReference section */

/* Begin PBXFrameworksBuildPhase section */
		AC7385451EFCA4C3009990BD /* Frameworks */ = {
			isa = PBXFrameworksBuildPhase;
			buildActionMask = 2147483647;
			files = (
			);
			runOnlyForDeploymentPostprocessing = 0;
		};
/* End PBXFrameworksBuildPhase section */

/* Begin PBXGroup section */
		AC4D43F31F048B8900F7BF76 /* Controller */ = {
			isa = PBXGroup;
			children = (
				AC73854D1EFCA4C3009990BD /* ViewController.swift */,
				AC4820A61F05DC8000CD7C0B /* PokemonDetailVC.swift */,
			);
			name = Controller;
			sourceTree = "<group>";
		};
		AC4D43F41F048B9F00F7BF76 /* Resources */ = {
			isa = PBXGroup;
			children = (
				AC73855D1EFCA6FC009990BD /* pokemon.csv */,
				AC4D43F11F048B6D00F7BF76 /* pokemon.ttf */,
				AC4D43F61F048D0F00F7BF76 /* music.png */,
				AC4D43F81F048D1800F7BF76 /* music.mp3 */,
			);
			name = Resources;
			sourceTree = "<group>";
		};
		AC4D43F51F048BB800F7BF76 /* Util */ = {
			isa = PBXGroup;
			children = (
				ACE8067D1F033C45009E9233 /* csv.swift */,
			);
			name = Util;
			sourceTree = "<group>";
		};
		AC73853F1EFCA4C3009990BD = {
			isa = PBXGroup;
			children = (
				AC73854A1EFCA4C3009990BD /* pokedex */,
				AC7385491EFCA4C3009990BD /* Products */,
			);
			sourceTree = "<group>";
		};
		AC7385491EFCA4C3009990BD /* Products */ = {
			isa = PBXGroup;
			children = (
				AC7385481EFCA4C3009990BD /* pokedex.app */,
			);
			name = Products;
			sourceTree = "<group>";
		};
		AC73854A1EFCA4C3009990BD /* pokedex */ = {
			isa = PBXGroup;
			children = (
				ACA151281F01E15100D3F310 /* Model */,
				ACA1512B1F01E86200D3F310 /* View */,
				AC4D43F31F048B8900F7BF76 /* Controller */,
				AC4D43F51F048BB800F7BF76 /* Util */,
				AC4D43F41F048B9F00F7BF76 /* Resources */,
				AC73854B1EFCA4C3009990BD /* AppDelegate.swift */,
				AC73854F1EFCA4C3009990BD /* Main.storyboard */,
				AC7385521EFCA4C3009990BD /* Assets.xcassets */,
				AC7385541EFCA4C3009990BD /* LaunchScreen.storyboard */,
				AC7385571EFCA4C3009990BD /* Info.plist */,
			);
			path = pokedex;
			sourceTree = "<group>";
		};
		ACA151281F01E15100D3F310 /* Model */ = {
			isa = PBXGroup;
			children = (
				ACA151291F01E17800D3F310 /* Pokemon.swift */,
			);
			name = Model;
			sourceTree = "<group>";
		};
		ACA1512B1F01E86200D3F310 /* View */ = {
			isa = PBXGroup;
			children = (
				ACA1512C1F01E8A900D3F310 /* PokeCell.swift */,
			);
			name = View;
			sourceTree = "<group>";
		};
/* End PBXGroup section */

/* Begin PBXNativeTarget section */
		AC7385471EFCA4C3009990BD /* pokedex */ = {
			isa = PBXNativeTarget;
			buildConfigurationList = AC73855A1EFCA4C3009990BD /* Build configuration list for PBXNativeTarget "pokedex" */;
			buildPhases = (
				AC7385441EFCA4C3009990BD /* Sources */,
				AC7385451EFCA4C3009990BD /* Frameworks */,
				AC7385461EFCA4C3009990BD /* Resources */,
			);
			buildRules = (
			);
			dependencies = (
			);
			name = pokedex;
			productName = pokedex;
			productReference = AC7385481EFCA4C3009990BD /* pokedex.app */;
			productType = "com.apple.product-type.application";
		};
/* End PBXNativeTarget section */

/* Begin PBXProject section */
		AC7385401EFCA4C3009990BD /* Project object */ = {
			isa = PBXProject;
			attributes = {
				LastSwiftUpdateCheck = 0830;
				LastUpgradeCheck = 0830;
				ORGANIZATIONNAME = "Viktor Yamchinov";
				TargetAttributes = {
					AC7385471EFCA4C3009990BD = {
						CreatedOnToolsVersion = 8.3.3;
						LastSwiftMigration = 0830;
						ProvisioningStyle = Automatic;
					};
				};
			};
			buildConfigurationList = AC7385431EFCA4C3009990BD /* Build configuration list for PBXProject "pokedex" */;
			compatibilityVersion = "Xcode 3.2";
			developmentRegion = English;
			hasScannedForEncodings = 0;
			knownRegions = (
				en,
				Base,
			);
			mainGroup = AC73853F1EFCA4C3009990BD;
			productRefGroup = AC7385491EFCA4C3009990BD /* Products */;
			projectDirPath = "";
			projectRoot = "";
			targets = (
				AC7385471EFCA4C3009990BD /* pokedex */,
			);
		};
/* End PBXProject section */

/* Begin PBXResourcesBuildPhase section */
		AC7385461EFCA4C3009990BD /* Resources */ = {
			isa = PBXResourcesBuildPhase;
			buildActionMask = 2147483647;
			files = (
				AC4D43F21F048B6D00F7BF76 /* pokemon.ttf in Resources */,
				AC7385561EFCA4C3009990BD /* LaunchScreen.storyboard in Resources */,
				AC7385531EFCA4C3009990BD /* Assets.xcassets in Resources */,
				AC73855E1EFCA6FC009990BD /* pokemon.csv in Resources */,
				AC7385511EFCA4C3009990BD /* Main.storyboard in Resources */,
				AC4D43F91F048D1800F7BF76 /* music.mp3 in Resources */,
				AC4D43F71F048D0F00F7BF76 /* music.png in Resources */,
			);
			runOnlyForDeploymentPostprocessing = 0;
		};
/* End PBXResourcesBuildPhase section */

/* Begin PBXSourcesBuildPhase section */
		AC7385441EFCA4C3009990BD /* Sources */ = {
			isa = PBXSourcesBuildPhase;
			buildActionMask = 2147483647;
			files = (
				ACA1512D1F01E8A900D3F310 /* PokeCell.swift in Sources */,
				AC73854E1EFCA4C3009990BD /* ViewController.swift in Sources */,
				AC73854C1EFCA4C3009990BD /* AppDelegate.swift in Sources */,
				AC4820A71F05DC8000CD7C0B /* PokemonDetailVC.swift in Sources */,
				ACA1512A1F01E17800D3F310 /* Pokemon.swift in Sources */,
				ACE8067E1F033C45009E9233 /* csv.swift in Sources */,
			);
			runOnlyForDeploymentPostprocessing = 0;
		};
/* End PBXSourcesBuildPhase section */

/* Begin PBXVariantGroup section */
		AC73854F1EFCA4C3009990BD /* Main.storyboard */ = {
			isa = PBXVariantGroup;
			children = (
				AC7385501EFCA4C3009990BD /* Base */,
			);
			name = Main.storyboard;
			sourceTree = "<group>";
		};
		AC7385541EFCA4C3009990BD /* LaunchScreen.storyboard */ = {
			isa = PBXVariantGroup;
			children = (
				AC7385551EFCA4C3009990BD /* Base */,
			);
			name = LaunchScreen.storyboard;
			sourceTree = "<group>";
		};
/* End PBXVariantGroup section */

/* Begin XCBuildConfiguration section */
		AC7385581EFCA4C3009990BD /* Debug */ = {
			isa = XCBuildConfiguration;
			buildSettings = {
				ALWAYS_SEARCH_USER_PATHS = NO;
				CLANG_ANALYZER_NONNULL = YES;
				CLANG_ANALYZER_NUMBER_OBJECT_CONVERSION = YES_AGGRESSIVE;
				CLANG_CXX_LANGUAGE_STANDARD = "gnu++0x";
				CLANG_CXX_LIBRARY = "libc++";
				CLANG_ENABLE_MODULES = YES;
				CLANG_ENABLE_OBJC_ARC = YES;
				CLANG_WARN_BOOL_CONVERSION = YES;
				CLANG_WARN_CONSTANT_CONVERSION = YES;
				CLANG_WARN_DIRECT_OBJC_ISA_USAGE = YES_ERROR;
				CLANG_WARN_DOCUMENTATION_COMMENTS = YES;
				CLANG_WARN_EMPTY_BODY = YES;
				CLANG_WARN_ENUM_CONVERSION = YES;
				CLANG_WARN_INFINITE_RECURSION = YES;
				CLANG_WARN_INT_CONVERSION = YES;
				CLANG_WARN_OBJC_ROOT_CLASS = YES_ERROR;
				CLANG_WARN_SUSPICIOUS_MOVE = YES;
				CLANG_WARN_UNREACHABLE_CODE = YES;
				CLANG_WARN__DUPLICATE_METHOD_MATCH = YES;
				"CODE_SIGN_IDENTITY[sdk=iphoneos*]" = "iPhone Developer";
				COPY_PHASE_STRIP = NO;
				DEBUG_INFORMATION_FORMAT = dwarf;
				ENABLE_STRICT_OBJC_MSGSEND = YES;
				ENABLE_TESTABILITY = YES;
				GCC_C_LANGUAGE_STANDARD = gnu99;
				GCC_DYNAMIC_NO_PIC = NO;
				GCC_NO_COMMON_BLOCKS = YES;
				GCC_OPTIMIZATION_LEVEL = 0;
				GCC_PREPROCESSOR_DEFINITIONS = (
					"DEBUG=1",
					"$(inherited)",
				);
				GCC_WARN_64_TO_32_BIT_CONVERSION = YES;
				GCC_WARN_ABOUT_RETURN_TYPE = YES_ERROR;
				GCC_WARN_UNDECLARED_SELECTOR = YES;
				GCC_WARN_UNINITIALIZED_AUTOS = YES_AGGRESSIVE;
				GCC_WARN_UNUSED_FUNCTION = YES;
				GCC_WARN_UNUSED_VARIABLE = YES;
				IPHONEOS_DEPLOYMENT_TARGET = 10.3;
				MTL_ENABLE_DEBUG_INFO = YES;
				ONLY_ACTIVE_ARCH = YES;
				SDKROOT = iphoneos;
				SWIFT_ACTIVE_COMPILATION_CONDITIONS = DEBUG;
				SWIFT_OPTIMIZATION_LEVEL = "-Onone";
			};
			name = Debug;
		};
		AC7385591EFCA4C3009990BD /* Release */ = {
			isa = XCBuildConfiguration;
			buildSettings = {
				ALWAYS_SEARCH_USER_PATHS = NO;
				CLANG_ANALYZER_NONNULL = YES;
				CLANG_ANALYZER_NUMBER_OBJECT_CONVERSION = YES_AGGRESSIVE;
				CLANG_CXX_LANGUAGE_STANDARD = "gnu++0x";
				CLANG_CXX_LIBRARY = "libc++";
				CLANG_ENABLE_MODULES = YES;
				CLANG_ENABLE_OBJC_ARC = YES;
				CLANG_WARN_BOOL_CONVERSION = YES;
				CLANG_WARN_CONSTANT_CONVERSION = YES;
				CLANG_WARN_DIRECT_OBJC_ISA_USAGE = YES_ERROR;
				CLANG_WARN_DOCUMENTATION_COMMENTS = YES;
				CLANG_WARN_EMPTY_BODY = YES;
				CLANG_WARN_ENUM_CONVERSION = YES;
				CLANG_WARN_INFINITE_RECURSION = YES;
				CLANG_WARN_INT_CONVERSION = YES;
				CLANG_WARN_OBJC_ROOT_CLASS = YES_ERROR;
				CLANG_WARN_SUSPICIOUS_MOVE = YES;
				CLANG_WARN_UNREACHABLE_CODE = YES;
				CLANG_WARN__DUPLICATE_METHOD_MATCH = YES;
				"CODE_SIGN_IDENTITY[sdk=iphoneos*]" = "iPhone Developer";
				COPY_PHASE_STRIP = NO;
				DEBUG_INFORMATION_FORMAT = "dwarf-with-dsym";
				ENABLE_NS_ASSERTIONS = NO;
				ENABLE_STRICT_OBJC_MSGSEND = YES;
				GCC_C_LANGUAGE_STANDARD = gnu99;
				GCC_NO_COMMON_BLOCKS = YES;
				GCC_WARN_64_TO_32_BIT_CONVERSION = YES;
				GCC_WARN_ABOUT_RETURN_TYPE = YES_ERROR;
				GCC_WARN_UNDECLARED_SELECTOR = YES;
				GCC_WARN_UNINITIALIZED_AUTOS = YES_AGGRESSIVE;
				GCC_WARN_UNUSED_FUNCTION = YES;
				GCC_WARN_UNUSED_VARIABLE = YES;
				IPHONEOS_DEPLOYMENT_TARGET = 10.3;
				MTL_ENABLE_DEBUG_INFO = NO;
				SDKROOT = iphoneos;
				SWIFT_OPTIMIZATION_LEVEL = "-Owholemodule";
				VALIDATE_PRODUCT = YES;
			};
			name = Release;
		};
		AC73855B1EFCA4C3009990BD /* Debug */ = {
			isa = XCBuildConfiguration;
			buildSettings = {
				ASSETCATALOG_COMPILER_APPICON_NAME = AppIcon;
				INFOPLIST_FILE = pokedex/Info.plist;
				LD_RUNPATH_SEARCH_PATHS = "$(inherited) @executable_path/Frameworks";
				PRODUCT_BUNDLE_IDENTIFIER = com.techforline.pokedex;
				PRODUCT_NAME = "$(TARGET_NAME)";
				SWIFT_VERSION = 3.0;
			};
			name = Debug;
		};
		AC73855C1EFCA4C3009990BD /* Release */ = {
			isa = XCBuildConfiguration;
			buildSettings = {
				ASSETCATALOG_COMPILER_APPICON_NAME = AppIcon;
				INFOPLIST_FILE = pokedex/Info.plist;
				LD_RUNPATH_SEARCH_PATHS = "$(inherited) @executable_path/Frameworks";
				PRODUCT_BUNDLE_IDENTIFIER = com.techforline.pokedex;
				PRODUCT_NAME = "$(TARGET_NAME)";
				SWIFT_VERSION = 3.0;
			};
			name = Release;
		};
/* End XCBuildConfiguration section */

/* Begin XCConfigurationList section */
		AC7385431EFCA4C3009990BD /* Build configuration list for PBXProject "pokedex" */ = {
			isa = XCConfigurationList;
			buildConfigurations = (
				AC7385581EFCA4C3009990BD /* Debug */,
				AC7385591EFCA4C3009990BD /* Release */,
			);
			defaultConfigurationIsVisible = 0;
			defaultConfigurationName = Release;
		};
		AC73855A1EFCA4C3009990BD /* Build configuration list for PBXNativeTarget "pokedex" */ = {
			isa = XCConfigurationList;
			buildConfigurations = (
				AC73855B1EFCA4C3009990BD /* Debug */,
				AC73855C1EFCA4C3009990BD /* Release */,
			);
			defaultConfigurationIsVisible = 0;
			defaultConfigurationName = Release;
		};
/* End XCConfigurationList section */
	};
	rootObject = AC7385401EFCA4C3009990BD /* Project object */;
}
